
Microsoft Visual Studio Solution File, Format Version 12.00
# Visual Studio 14
VisualStudioVersion = 14.0.25420.1
MinimumVisualStudioVersion = 10.0.40219.1
Project("{FAE04EC0-301F-11D3-BF4B-00C04F79EFBC}") = "Task_1", "Task_1\Task_1.csproj", "{34E4609D-5BB1-4AEB-AA63-FCFE97004D5E}"
EndProject
Project("{FAE04EC0-301F-11D3-BF4B-00C04F79EFBC}") = "Task_2", "Task_2\Task_2.csproj", "{9B48AB13-64BC-48EB-A245-86436FF9E87E}"
EndProject
Project("{FAE04EC0-301F-11D3-BF4B-00C04F79EFBC}") = "Task_3", "Task_3\Task_3.csproj", "{CBA0B4AA-C5F0-4C60-8081-F757B662FCB9}"
EndProject
Project("{FAE04EC0-301F-11D3-BF4B-00C04F79EFBC}") = "Task_4", "Task_4\Task_4.csproj", "{6713DF63-EB36-426D-B27E-C19CAEA5CFC0}"
EndProject
Project("{FAE04EC0-301F-11D3-BF4B-00C04F79EFBC}") = "Task_5", "Task_5\Task_5.csproj", "{B1B08E6E-C9ED-4EEE-8937-0CD05A3FAB1B}"
EndProject
Project("{FAE04EC0-301F-11D3-BF4B-00C04F79EFBC}") = "Task_6", "Task_6\Task_6.csproj", "{B77E1D6E-E9CA-4D55-B83C-13171E45B8DB}"
EndProject
Project("{FAE04EC0-301F-11D3-BF4B-00C04F79EFBC}") = "Task_7", "Task_7\Task_7.csproj", "{BBEE850D-0DDE-4D6B-BEA8-488372F9581C}"
EndProject
Project("{FAE04EC0-301F-11D3-BF4B-00C04F79EFBC}") = "Task_8", "Task_8\Task_8.csproj", "{5AB3FAB1-771D-4E34-A851-523FC10C56FB}"
EndProject
Project("{FAE04EC0-301F-11D3-BF4B-00C04F79EFBC}") = "Test_1", "Test_1\Test_1.csproj", "{676CFE46-0BB6-4E3C-8E14-D4ED53AFB4A7}"
EndProject
Project("{FAE04EC0-301F-11D3-BF4B-00C04F79EFBC}") = "Task_9", "Task_9\Task_9.csproj", "{B063C3FD-14F3-4D74-BA89-F86E63097FE9}"
EndProject
Global
	GlobalSection(SolutionConfigurationPlatforms) = preSolution
		Debug|Any CPU = Debug|Any CPU
		Release|Any CPU = Release|Any CPU
	EndGlobalSection
	GlobalSection(ProjectConfigurationPlatforms) = postSolution
		{34E4609D-5BB1-4AEB-AA63-FCFE97004D5E}.Debug|Any CPU.ActiveCfg = Debug|Any CPU
		{34E4609D-5BB1-4AEB-AA63-FCFE97004D5E}.Debug|Any CPU.Build.0 = Debug|Any CPU
		{34E4609D-5BB1-4AEB-AA63-FCFE97004D5E}.Release|Any CPU.ActiveCfg = Release|Any CPU
		{34E4609D-5BB1-4AEB-AA63-FCFE97004D5E}.Release|Any CPU.Build.0 = Release|Any CPU
		{9B48AB13-64BC-48EB-A245-86436FF9E87E}.Debug|Any CPU.ActiveCfg = Debug|Any CPU
		{9B48AB13-64BC-48EB-A245-86436FF9E87E}.Debug|Any CPU.Build.0 = Debug|Any CPU
		{9B48AB13-64BC-48EB-A245-86436FF9E87E}.Release|Any CPU.ActiveCfg = Release|Any CPU
		{9B48AB13-64BC-48EB-A245-86436FF9E87E}.Release|Any CPU.Build.0 = Release|Any CPU
		{CBA0B4AA-C5F0-4C60-8081-F757B662FCB9}.Debug|Any CPU.ActiveCfg = Debug|Any CPU
		{CBA0B4AA-C5F0-4C60-8081-F757B662FCB9}.Debug|Any CPU.Build.0 = Debug|Any CPU
		{CBA0B4AA-C5F0-4C60-8081-F757B662FCB9}.Release|Any CPU.ActiveCfg = Release|Any CPU
		{CBA0B4AA-C5F0-4C60-8081-F757B662FCB9}.Release|Any CPU.Build.0 = Release|Any CPU
		{6713DF63-EB36-426D-B27E-C19CAEA5CFC0}.Debug|Any CPU.ActiveCfg = Debug|Any CPU
		{6713DF63-EB36-426D-B27E-C19CAEA5CFC0}.Debug|Any CPU.Build.0 = Debug|Any CPU
		{6713DF63-EB36-426D-B27E-C19CAEA5CFC0}.Release|Any CPU.ActiveCfg = Release|Any CPU
		{6713DF63-EB36-426D-B27E-C19CAEA5CFC0}.Release|Any CPU.Build.0 = Release|Any CPU
		{B1B08E6E-C9ED-4EEE-8937-0CD05A3FAB1B}.Debug|Any CPU.ActiveCfg = Debug|Any CPU
		{B1B08E6E-C9ED-4EEE-8937-0CD05A3FAB1B}.Debug|Any CPU.Build.0 = Debug|Any CPU
		{B1B08E6E-C9ED-4EEE-8937-0CD05A3FAB1B}.Release|Any CPU.ActiveCfg = Release|Any CPU
		{B1B08E6E-C9ED-4EEE-8937-0CD05A3FAB1B}.Release|Any CPU.Build.0 = Release|Any CPU
		{B77E1D6E-E9CA-4D55-B83C-13171E45B8DB}.Debug|Any CPU.ActiveCfg = Debug|Any CPU
		{B77E1D6E-E9CA-4D55-B83C-13171E45B8DB}.Debug|Any CPU.Build.0 = Debug|Any CPU
		{B77E1D6E-E9CA-4D55-B83C-13171E45B8DB}.Release|Any CPU.ActiveCfg = Release|Any CPU
		{B77E1D6E-E9CA-4D55-B83C-13171E45B8DB}.Release|Any CPU.Build.0 = Release|Any CPU
		{BBEE850D-0DDE-4D6B-BEA8-488372F9581C}.Debug|Any CPU.ActiveCfg = Debug|Any CPU
		{BBEE850D-0DDE-4D6B-BEA8-488372F9581C}.Debug|Any CPU.Build.0 = Debug|Any CPU
		{BBEE850D-0DDE-4D6B-BEA8-488372F9581C}.Release|Any CPU.ActiveCfg = Release|Any CPU
		{BBEE850D-0DDE-4D6B-BEA8-488372F9581C}.Release|Any CPU.Build.0 = Release|Any CPU
		{5AB3FAB1-771D-4E34-A851-523FC10C56FB}.Debug|Any CPU.ActiveCfg = Debug|Any CPU
		{5AB3FAB1-771D-4E34-A851-523FC10C56FB}.Debug|Any CPU.Build.0 = Debug|Any CPU
		{5AB3FAB1-771D-4E34-A851-523FC10C56FB}.Release|Any CPU.ActiveCfg = Release|Any CPU
		{5AB3FAB1-771D-4E34-A851-523FC10C56FB}.Release|Any CPU.Build.0 = Release|Any CPU
		{676CFE46-0BB6-4E3C-8E14-D4ED53AFB4A7}.Debug|Any CPU.ActiveCfg = Debug|Any CPU
		{676CFE46-0BB6-4E3C-8E14-D4ED53AFB4A7}.Debug|Any CPU.Build.0 = Debug|Any CPU
		{676CFE46-0BB6-4E3C-8E14-D4ED53AFB4A7}.Release|Any CPU.ActiveCfg = Release|Any CPU
		{676CFE46-0BB6-4E3C-8E14-D4ED53AFB4A7}.Release|Any CPU.Build.0 = Release|Any CPU
		{B063C3FD-14F3-4D74-BA89-F86E63097FE9}.Debug|Any CPU.ActiveCfg = Debug|Any CPU
		{B063C3FD-14F3-4D74-BA89-F86E63097FE9}.Debug|Any CPU.Build.0 = Debug|Any CPU
		{B063C3FD-14F3-4D74-BA89-F86E63097FE9}.Release|Any CPU.ActiveCfg = Release|Any CPU
		{B063C3FD-14F3-4D74-BA89-F86E63097FE9}.Release|Any CPU.Build.0 = Release|Any CPU
	EndGlobalSection
	GlobalSection(SolutionProperties) = preSolution
		HideSolutionNode = FALSE
	EndGlobalSection
EndGlobal
